
Microsoft Visual Studio Solution File, Format Version 12.00
# Visual Studio Version 16
VisualStudioVersion = 16.0.31624.102
MinimumVisualStudioVersion = 10.0.40219.1
Project("{FAE04EC0-301F-11D3-BF4B-00C04F79EFBC}") = "MovieGo-MasonAssignment", "MovieGo-MasonAssignment\MovieGo-MasonAssignment.csproj", "{A772E1E7-8136-4A0E-9545-930A80A4D9DA}"
EndProject
Global
	GlobalSection(SolutionConfigurationPlatforms) = preSolution
		Debug|Any CPU = Debug|Any CPU
		Release|Any CPU = Release|Any CPU
	EndGlobalSection
	GlobalSection(ProjectConfigurationPlatforms) = postSolution
		{A772E1E7-8136-4A0E-9545-930A80A4D9DA}.Debug|Any CPU.ActiveCfg = Debug|Any CPU
		{A772E1E7-8136-4A0E-9545-930A80A4D9DA}.Debug|Any CPU.Build.0 = Debug|Any CPU
		{A772E1E7-8136-4A0E-9545-930A80A4D9DA}.Release|Any CPU.ActiveCfg = Release|Any CPU
		{A772E1E7-8136-4A0E-9545-930A80A4D9DA}.Release|Any CPU.Build.0 = Release|Any CPU
	EndGlobalSection
	GlobalSection(SolutionProperties) = preSolution
		HideSolutionNode = FALSE
	EndGlobalSection
	GlobalSection(ExtensibilityGlobals) = postSolution
		SolutionGuid = {B6059811-5C1A-4496-BE8E-004207E60794}
	EndGlobalSection
EndGlobal
